{
  "name": "client_packages",
  "version": "1.0.0",
  "lockfileVersion": 1,
  "requires": true,
  "dependencies": {
    "@types/ragemp-c": {
      "version": "https://github.com/CocaColaBear/types-ragemp-c/tarball/master",
      "integrity": "sha512-JIPvSuqQwcclYbHA32FlSKZH3fX8TDzXf7zU9+V6Y10ildrqdwdqk/oKW1D3C+BQmQNlSFaX9jWatTYbL7LGtg==",
      "dev": true
    }
  }
}
